
Microsoft Visual Studio Solution File, Format Version 12.00
# Visual Studio 15
VisualStudioVersion = 15.0.28307.572
MinimumVisualStudioVersion = 10.0.40219.1
Project("{FAE04EC0-301F-11D3-BF4B-00C04F79EFBC}") = "GasApp.Android", "GasApp\GasApp.Android\GasApp.Android.csproj", "{91E1EBA7-6D61-4890-9168-D32C68D451D7}"
EndProject
Project("{FAE04EC0-301F-11D3-BF4B-00C04F79EFBC}") = "GasApp.iOS", "GasApp\GasApp.iOS\GasApp.iOS.csproj", "{19268982-7D77-47F4-9098-1C4CA88B8F74}"
EndProject
Project("{FAE04EC0-301F-11D3-BF4B-00C04F79EFBC}") = "GasApp", "GasApp\GasApp\GasApp.csproj", "{5A64A9A3-DADF-4B96-8A97-A444AFF41E0D}"
EndProject
Global
	GlobalSection(SolutionConfigurationPlatforms) = preSolution
		Ad-Hoc|Any CPU = Ad-Hoc|Any CPU
		Ad-Hoc|iPhone = Ad-Hoc|iPhone
		Ad-Hoc|iPhoneSimulator = Ad-Hoc|iPhoneSimulator
		AppStore|Any CPU = AppStore|Any CPU
		AppStore|iPhone = AppStore|iPhone
		AppStore|iPhoneSimulator = AppStore|iPhoneSimulator
		Debug|Any CPU = Debug|Any CPU
		Debug|iPhone = Debug|iPhone
		Debug|iPhoneSimulator = Debug|iPhoneSimulator
		Release|Any CPU = Release|Any CPU
		Release|iPhone = Release|iPhone
		Release|iPhoneSimulator = Release|iPhoneSimulator
	EndGlobalSection
	GlobalSection(ProjectConfigurationPlatforms) = postSolution
		{91E1EBA7-6D61-4890-9168-D32C68D451D7}.Ad-Hoc|Any CPU.ActiveCfg = Release|Any CPU
		{91E1EBA7-6D61-4890-9168-D32C68D451D7}.Ad-Hoc|Any CPU.Build.0 = Release|Any CPU
		{91E1EBA7-6D61-4890-9168-D32C68D451D7}.Ad-Hoc|Any CPU.Deploy.0 = Release|Any CPU
		{91E1EBA7-6D61-4890-9168-D32C68D451D7}.Ad-Hoc|iPhone.ActiveCfg = Release|Any CPU
		{91E1EBA7-6D61-4890-9168-D32C68D451D7}.Ad-Hoc|iPhone.Build.0 = Release|Any CPU
		{91E1EBA7-6D61-4890-9168-D32C68D451D7}.Ad-Hoc|iPhone.Deploy.0 = Release|Any CPU
		{91E1EBA7-6D61-4890-9168-D32C68D451D7}.Ad-Hoc|iPhoneSimulator.ActiveCfg = Release|Any CPU
		{91E1EBA7-6D61-4890-9168-D32C68D451D7}.Ad-Hoc|iPhoneSimulator.Build.0 = Release|Any CPU
		{91E1EBA7-6D61-4890-9168-D32C68D451D7}.Ad-Hoc|iPhoneSimulator.Deploy.0 = Release|Any CPU
		{91E1EBA7-6D61-4890-9168-D32C68D451D7}.AppStore|Any CPU.ActiveCfg = Release|Any CPU
		{91E1EBA7-6D61-4890-9168-D32C68D451D7}.AppStore|Any CPU.Build.0 = Release|Any CPU
		{91E1EBA7-6D61-4890-9168-D32C68D451D7}.AppStore|Any CPU.Deploy.0 = Release|Any CPU
		{91E1EBA7-6D61-4890-9168-D32C68D451D7}.AppStore|iPhone.ActiveCfg = Release|Any CPU
		{91E1EBA7-6D61-4890-9168-D32C68D451D7}.AppStore|iPhone.Build.0 = Release|Any CPU
		{91E1EBA7-6D61-4890-9168-D32C68D451D7}.AppStore|iPhone.Deploy.0 = Release|Any CPU
		{91E1EBA7-6D61-4890-9168-D32C68D451D7}.AppStore|iPhoneSimulator.ActiveCfg = Release|Any CPU
		{91E1EBA7-6D61-4890-9168-D32C68D451D7}.AppStore|iPhoneSimulator.Build.0 = Release|Any CPU
		{91E1EBA7-6D61-4890-9168-D32C68D451D7}.AppStore|iPhoneSimulator.Deploy.0 = Release|Any CPU
		{91E1EBA7-6D61-4890-9168-D32C68D451D7}.Debug|Any CPU.ActiveCfg = Debug|Any CPU
		{91E1EBA7-6D61-4890-9168-D32C68D451D7}.Debug|Any CPU.Build.0 = Debug|Any CPU
		{91E1EBA7-6D61-4890-9168-D32C68D451D7}.Debug|Any CPU.Deploy.0 = Debug|Any CPU
		{91E1EBA7-6D61-4890-9168-D32C68D451D7}.Debug|iPhone.ActiveCfg = Debug|Any CPU
		{91E1EBA7-6D61-4890-9168-D32C68D451D7}.Debug|iPhone.Build.0 = Debug|Any CPU
		{91E1EBA7-6D61-4890-9168-D32C68D451D7}.Debug|iPhone.Deploy.0 = Debug|Any CPU
		{91E1EBA7-6D61-4890-9168-D32C68D451D7}.Debug|iPhoneSimulator.ActiveCfg = Debug|Any CPU
		{91E1EBA7-6D61-4890-9168-D32C68D451D7}.Debug|iPhoneSimulator.Build.0 = Debug|Any CPU
		{91E1EBA7-6D61-4890-9168-D32C68D451D7}.Debug|iPhoneSimulator.Deploy.0 = Debug|Any CPU
		{91E1EBA7-6D61-4890-9168-D32C68D451D7}.Release|Any CPU.ActiveCfg = Release|Any CPU
		{91E1EBA7-6D61-4890-9168-D32C68D451D7}.Release|Any CPU.Build.0 = Release|Any CPU
		{91E1EBA7-6D61-4890-9168-D32C68D451D7}.Release|Any CPU.Deploy.0 = Release|Any CPU
		{91E1EBA7-6D61-4890-9168-D32C68D451D7}.Release|iPhone.ActiveCfg = Release|Any CPU
		{91E1EBA7-6D61-4890-9168-D32C68D451D7}.Release|iPhone.Build.0 = Release|Any CPU
		{91E1EBA7-6D61-4890-9168-D32C68D451D7}.Release|iPhone.Deploy.0 = Release|Any CPU
		{91E1EBA7-6D61-4890-9168-D32C68D451D7}.Release|iPhoneSimulator.ActiveCfg = Release|Any CPU
		{91E1EBA7-6D61-4890-9168-D32C68D451D7}.Release|iPhoneSimulator.Build.0 = Release|Any CPU
		{91E1EBA7-6D61-4890-9168-D32C68D451D7}.Release|iPhoneSimulator.Deploy.0 = Release|Any CPU
		{19268982-7D77-47F4-9098-1C4CA88B8F74}.Ad-Hoc|Any CPU.ActiveCfg = Ad-Hoc|iPhone
		{19268982-7D77-47F4-9098-1C4CA88B8F74}.Ad-Hoc|Any CPU.Build.0 = Ad-Hoc|iPhone
		{19268982-7D77-47F4-9098-1C4CA88B8F74}.Ad-Hoc|Any CPU.Deploy.0 = Ad-Hoc|iPhone
		{19268982-7D77-47F4-9098-1C4CA88B8F74}.Ad-Hoc|iPhone.ActiveCfg = Ad-Hoc|iPhone
		{19268982-7D77-47F4-9098-1C4CA88B8F74}.Ad-Hoc|iPhone.Build.0 = Ad-Hoc|iPhone
		{19268982-7D77-47F4-9098-1C4CA88B8F74}.Ad-Hoc|iPhone.Deploy.0 = Ad-Hoc|iPhone
		{19268982-7D77-47F4-9098-1C4CA88B8F74}.Ad-Hoc|iPhoneSimulator.ActiveCfg = Ad-Hoc|iPhoneSimulator
		{19268982-7D77-47F4-9098-1C4CA88B8F74}.Ad-Hoc|iPhoneSimulator.Build.0 = Ad-Hoc|iPhoneSimulator
		{19268982-7D77-47F4-9098-1C4CA88B8F74}.Ad-Hoc|iPhoneSimulator.Deploy.0 = Ad-Hoc|iPhoneSimulator
		{19268982-7D77-47F4-9098-1C4CA88B8F74}.AppStore|Any CPU.ActiveCfg = AppStore|iPhone
		{19268982-7D77-47F4-9098-1C4CA88B8F74}.AppStore|Any CPU.Build.0 = AppStore|iPhone
		{19268982-7D77-47F4-9098-1C4CA88B8F74}.AppStore|Any CPU.Deploy.0 = AppStore|iPhone
		{19268982-7D77-47F4-9098-1C4CA88B8F74}.AppStore|iPhone.ActiveCfg = AppStore|iPhone
		{19268982-7D77-47F4-9098-1C4CA88B8F74}.AppStore|iPhone.Build.0 = AppStore|iPhone
		{19268982-7D77-47F4-9098-1C4CA88B8F74}.AppStore|iPhone.Deploy.0 = AppStore|iPhone
		{19268982-7D77-47F4-9098-1C4CA88B8F74}.AppStore|iPhoneSimulator.ActiveCfg = AppStore|iPhoneSimulator
		{19268982-7D77-47F4-9098-1C4CA88B8F74}.AppStore|iPhoneSimulator.Build.0 = AppStore|iPhoneSimulator
		{19268982-7D77-47F4-9098-1C4CA88B8F74}.AppStore|iPhoneSimulator.Deploy.0 = AppStore|iPhoneSimulator
		{19268982-7D77-47F4-9098-1C4CA88B8F74}.Debug|Any CPU.ActiveCfg = Debug|iPhoneSimulator
		{19268982-7D77-47F4-9098-1C4CA88B8F74}.Debug|Any CPU.Build.0 = Debug|iPhoneSimulator
		{19268982-7D77-47F4-9098-1C4CA88B8F74}.Debug|Any CPU.Deploy.0 = Debug|iPhoneSimulator
		{19268982-7D77-47F4-9098-1C4CA88B8F74}.Debug|iPhone.ActiveCfg = Debug|iPhone
		{19268982-7D77-47F4-9098-1C4CA88B8F74}.Debug|iPhone.Build.0 = Debug|iPhone
		{19268982-7D77-47F4-9098-1C4CA88B8F74}.Debug|iPhone.Deploy.0 = Debug|iPhone
		{19268982-7D77-47F4-9098-1C4CA88B8F74}.Debug|iPhoneSimulator.ActiveCfg = Debug|iPhoneSimulator
		{19268982-7D77-47F4-9098-1C4CA88B8F74}.Debug|iPhoneSimulator.Build.0 = Debug|iPhoneSimulator
		{19268982-7D77-47F4-9098-1C4CA88B8F74}.Debug|iPhoneSimulator.Deploy.0 = Debug|iPhoneSimulator
		{19268982-7D77-47F4-9098-1C4CA88B8F74}.Release|Any CPU.ActiveCfg = Release|iPhone
		{19268982-7D77-47F4-9098-1C4CA88B8F74}.Release|Any CPU.Build.0 = Release|iPhone
		{19268982-7D77-47F4-9098-1C4CA88B8F74}.Release|Any CPU.Deploy.0 = Release|iPhone
		{19268982-7D77-47F4-9098-1C4CA88B8F74}.Release|iPhone.ActiveCfg = Release|iPhone
		{19268982-7D77-47F4-9098-1C4CA88B8F74}.Release|iPhone.Build.0 = Release|iPhone
		{19268982-7D77-47F4-9098-1C4CA88B8F74}.Release|iPhone.Deploy.0 = Release|iPhone
		{19268982-7D77-47F4-9098-1C4CA88B8F74}.Release|iPhoneSimulator.ActiveCfg = Release|iPhoneSimulator
		{19268982-7D77-47F4-9098-1C4CA88B8F74}.Release|iPhoneSimulator.Build.0 = Release|iPhoneSimulator
		{19268982-7D77-47F4-9098-1C4CA88B8F74}.Release|iPhoneSimulator.Deploy.0 = Release|iPhoneSimulator
		{5A64A9A3-DADF-4B96-8A97-A444AFF41E0D}.Ad-Hoc|Any CPU.ActiveCfg = Debug|Any CPU
		{5A64A9A3-DADF-4B96-8A97-A444AFF41E0D}.Ad-Hoc|Any CPU.Build.0 = Debug|Any CPU
		{5A64A9A3-DADF-4B96-8A97-A444AFF41E0D}.Ad-Hoc|Any CPU.Deploy.0 = Debug|Any CPU
		{5A64A9A3-DADF-4B96-8A97-A444AFF41E0D}.Ad-Hoc|iPhone.ActiveCfg = Debug|Any CPU
		{5A64A9A3-DADF-4B96-8A97-A444AFF41E0D}.Ad-Hoc|iPhone.Build.0 = Debug|Any CPU
		{5A64A9A3-DADF-4B96-8A97-A444AFF41E0D}.Ad-Hoc|iPhone.Deploy.0 = Debug|Any CPU
		{5A64A9A3-DADF-4B96-8A97-A444AFF41E0D}.Ad-Hoc|iPhoneSimulator.ActiveCfg = Debug|Any CPU
		{5A64A9A3-DADF-4B96-8A97-A444AFF41E0D}.Ad-Hoc|iPhoneSimulator.Build.0 = Debug|Any CPU
		{5A64A9A3-DADF-4B96-8A97-A444AFF41E0D}.Ad-Hoc|iPhoneSimulator.Deploy.0 = Debug|Any CPU
		{5A64A9A3-DADF-4B96-8A97-A444AFF41E0D}.AppStore|Any CPU.ActiveCfg = Debug|Any CPU
		{5A64A9A3-DADF-4B96-8A97-A444AFF41E0D}.AppStore|Any CPU.Build.0 = Debug|Any CPU
		{5A64A9A3-DADF-4B96-8A97-A444AFF41E0D}.AppStore|Any CPU.Deploy.0 = Debug|Any CPU
		{5A64A9A3-DADF-4B96-8A97-A444AFF41E0D}.AppStore|iPhone.ActiveCfg = Debug|Any CPU
		{5A64A9A3-DADF-4B96-8A97-A444AFF41E0D}.AppStore|iPhone.Build.0 = Debug|Any CPU
		{5A64A9A3-DADF-4B96-8A97-A444AFF41E0D}.AppStore|iPhone.Deploy.0 = Debug|Any CPU
		{5A64A9A3-DADF-4B96-8A97-A444AFF41E0D}.AppStore|iPhoneSimulator.ActiveCfg = Debug|Any CPU
		{5A64A9A3-DADF-4B96-8A97-A444AFF41E0D}.AppStore|iPhoneSimulator.Build.0 = Debug|Any CPU
		{5A64A9A3-DADF-4B96-8A97-A444AFF41E0D}.AppStore|iPhoneSimulator.Deploy.0 = Debug|Any CPU
		{5A64A9A3-DADF-4B96-8A97-A444AFF41E0D}.Debug|Any CPU.ActiveCfg = Debug|Any CPU
		{5A64A9A3-DADF-4B96-8A97-A444AFF41E0D}.Debug|Any CPU.Build.0 = Debug|Any CPU
		{5A64A9A3-DADF-4B96-8A97-A444AFF41E0D}.Debug|Any CPU.Deploy.0 = Debug|Any CPU
		{5A64A9A3-DADF-4B96-8A97-A444AFF41E0D}.Debug|iPhone.ActiveCfg = Debug|Any CPU
		{5A64A9A3-DADF-4B96-8A97-A444AFF41E0D}.Debug|iPhone.Build.0 = Debug|Any CPU
		{5A64A9A3-DADF-4B96-8A97-A444AFF41E0D}.Debug|iPhone.Deploy.0 = Debug|Any CPU
		{5A64A9A3-DADF-4B96-8A97-A444AFF41E0D}.Debug|iPhoneSimulator.ActiveCfg = Debug|Any CPU
		{5A64A9A3-DADF-4B96-8A97-A444AFF41E0D}.Debug|iPhoneSimulator.Build.0 = Debug|Any CPU
		{5A64A9A3-DADF-4B96-8A97-A444AFF41E0D}.Debug|iPhoneSimulator.Deploy.0 = Debug|Any CPU
		{5A64A9A3-DADF-4B96-8A97-A444AFF41E0D}.Release|Any CPU.ActiveCfg = Release|Any CPU
		{5A64A9A3-DADF-4B96-8A97-A444AFF41E0D}.Release|Any CPU.Build.0 = Release|Any CPU
		{5A64A9A3-DADF-4B96-8A97-A444AFF41E0D}.Release|Any CPU.Deploy.0 = Release|Any CPU
		{5A64A9A3-DADF-4B96-8A97-A444AFF41E0D}.Release|iPhone.ActiveCfg = Release|Any CPU
		{5A64A9A3-DADF-4B96-8A97-A444AFF41E0D}.Release|iPhone.Build.0 = Release|Any CPU
		{5A64A9A3-DADF-4B96-8A97-A444AFF41E0D}.Release|iPhone.Deploy.0 = Release|Any CPU
		{5A64A9A3-DADF-4B96-8A97-A444AFF41E0D}.Release|iPhoneSimulator.ActiveCfg = Release|Any CPU
		{5A64A9A3-DADF-4B96-8A97-A444AFF41E0D}.Release|iPhoneSimulator.Build.0 = Release|Any CPU
		{5A64A9A3-DADF-4B96-8A97-A444AFF41E0D}.Release|iPhoneSimulator.Deploy.0 = Release|Any CPU
	EndGlobalSection
	GlobalSection(SolutionProperties) = preSolution
		HideSolutionNode = FALSE
	EndGlobalSection
	GlobalSection(ExtensibilityGlobals) = postSolution
		SolutionGuid = {2EB20E78-371D-49D0-987B-1EC15FB9BE30}
	EndGlobalSection
EndGlobal
